// !$*UTF8*$!
{
	archiveVersion = 1;
	classes = {
	};
	objectVersion = 51;
	objects = {

/* Begin PBXBuildFile section */
		932BE08025162016008FACEA /* cat_compose_location_icon@3x.png in Resources */ = {isa = PBXBuildFile; fileRef = 932BE07E25162016008FACEA /* cat_compose_location_icon@3x.png */; };
		932BE08125162016008FACEA /* cat_compose_location_icon@2x.png in Resources */ = {isa = PBXBuildFile; fileRef = 932BE07F25162016008FACEA /* cat_compose_location_icon@2x.png */; };
		932EB443251064EC00F640F6 /* InfoPlist.strings in Resources */ = {isa = PBXBuildFile; fileRef = 932EB445251064EC00F640F6 /* InfoPlist.strings */; };
		932EB44A2510680500F640F6 /* Localizable.strings in Resources */ = {isa = PBXBuildFile; fileRef = 932EB44C2510680500F640F6 /* Localizable.strings */; };
		932EB45725106C8900F640F6 /* cat_navigation_bar_black_back_icon@3x.png in Resources */ = {isa = PBXBuildFile; fileRef = 932EB45125106C8800F640F6 /* cat_navigation_bar_black_back_icon@3x.png */; };
		932EB45825106C8900F640F6 /* cat_tab_bar_profile_unselected_icon@2x.png in Resources */ = {isa = PBXBuildFile; fileRef = 932EB45225106C8800F640F6 /* cat_tab_bar_profile_unselected_icon@2x.png */; };
		932EB45925106C8900F640F6 /* cat_tab_bar_profile_unselected_icon@3x.png in Resources */ = {isa = PBXBuildFile; fileRef = 932EB45325106C8800F640F6 /* cat_tab_bar_profile_unselected_icon@3x.png */; };
		932EB45A25106C8900F640F6 /* cat_navigation_bar_black_back_icon@2x.png in Resources */ = {isa = PBXBuildFile; fileRef = 932EB45425106C8800F640F6 /* cat_navigation_bar_black_back_icon@2x.png */; };
		932EB45B25106C8900F640F6 /* cat_tab_bar_profile_selected_icon@2x.png in Resources */ = {isa = PBXBuildFile; fileRef = 932EB45525106C8800F640F6 /* cat_tab_bar_profile_selected_icon@2x.png */; };
		932EB45C25106C8900F640F6 /* cat_tab_bar_profile_selected_icon@3x.png in Resources */ = {isa = PBXBuildFile; fileRef = 932EB45625106C8900F640F6 /* cat_tab_bar_profile_selected_icon@3x.png */; };
		932EB46025106CEC00F640F6 /* ic_nav_act_add@2x.png in Resources */ = {isa = PBXBuildFile; fileRef = 932EB45F25106CEC00F640F6 /* ic_nav_act_add@2x.png */; };
		932EB4632510873F00F640F6 /* CATComposeViewController.m in Sources */ = {isa = PBXBuildFile; fileRef = 932EB4622510873F00F640F6 /* CATComposeViewController.m */; };
		932EB46A2510888000F640F6 /* CATComposePhotoModuleView.m in Sources */ = {isa = PBXBuildFile; fileRef = 932EB4692510888000F640F6 /* CATComposePhotoModuleView.m */; };
		936D466C2500868400E50367 /* CATNavigationBar.m in Sources */ = {isa = PBXBuildFile; fileRef = 936D466B2500868400E50367 /* CATNavigationBar.m */; };
		936D46732500CE5600E50367 /* CATButton.m in Sources */ = {isa = PBXBuildFile; fileRef = 936D46722500CE5600E50367 /* CATButton.m */; };
		9390E8E72515FE8000A0DDD1 /* cat_compose_add_photo_icon@3x.png in Resources */ = {isa = PBXBuildFile; fileRef = 9390E8E52515FE7F00A0DDD1 /* cat_compose_add_photo_icon@3x.png */; };
		9390E8E82515FE8000A0DDD1 /* cat_compose_add_photo_icon@2x.png in Resources */ = {isa = PBXBuildFile; fileRef = 9390E8E62515FE8000A0DDD1 /* cat_compose_add_photo_icon@2x.png */; };
		93A25C7D250342F600B19250 /* CATDetailViewController.m in Sources */ = {isa = PBXBuildFile; fileRef = 93A25C7C250342F600B19250 /* CATDetailViewController.m */; };
		93E4ED6525023E2B0080768F /* CATNaviButtonItem.m in Sources */ = {isa = PBXBuildFile; fileRef = 93E4ED6425023E2B0080768F /* CATNaviButtonItem.m */; };
		93FE677824FE116B0031FC9E /* CATAppDelegate.m in Sources */ = {isa = PBXBuildFile; fileRef = 93FE677724FE116B0031FC9E /* CATAppDelegate.m */; };
		93FE678324FE116F0031FC9E /* Assets.xcassets in Resources */ = {isa = PBXBuildFile; fileRef = 93FE678224FE116F0031FC9E /* Assets.xcassets */; };
		93FE678624FE116F0031FC9E /* LaunchScreen.storyboard in Resources */ = {isa = PBXBuildFile; fileRef = 93FE678424FE116F0031FC9E /* LaunchScreen.storyboard */; };
		93FE678924FE116F0031FC9E /* main.m in Sources */ = {isa = PBXBuildFile; fileRef = 93FE678824FE116F0031FC9E /* main.m */; };
		93FE6D0124FE6DE80031FC9E /* Default-568h@2x.png in Resources */ = {isa = PBXBuildFile; fileRef = 93FE6D0024FE6DE80031FC9E /* Default-568h@2x.png */; };
		93FE6D0724FE6EB40031FC9E /* CATBaseViewController.m in Sources */ = {isa = PBXBuildFile; fileRef = 93FE6D0624FE6EB40031FC9E /* CATBaseViewController.m */; };
		93FE6D0A24FE6ED60031FC9E /* CATHomeViewController.m in Sources */ = {isa = PBXBuildFile; fileRef = 93FE6D0924FE6ED60031FC9E /* CATHomeViewController.m */; };
		93FE6D0E24FE716A0031FC9E /* CATNavigationController.m in Sources */ = {isa = PBXBuildFile; fileRef = 93FE6D0D24FE716A0031FC9E /* CATNavigationController.m */; };
		93FE6D1124FE717D0031FC9E /* CATTabBarController.m in Sources */ = {isa = PBXBuildFile; fileRef = 93FE6D1024FE717D0031FC9E /* CATTabBarController.m */; };
		93FE6D1424FE71940031FC9E /* CATProfileViewController.m in Sources */ = {isa = PBXBuildFile; fileRef = 93FE6D1324FE71940031FC9E /* CATProfileViewController.m */; };
		EBC4930FF7318819F6305CCA /* libPods-CATProject.a in Frameworks */ = {isa = PBXBuildFile; fileRef = 2BF4A8EBD34034F93E1A963C /* libPods-CATProject.a */; };
/* End PBXBuildFile section */

/* Begin PBXFileReference section */
		2BF4A8EBD34034F93E1A963C /* libPods-CATProject.a */ = {isa = PBXFileReference; explicitFileType = archive.ar; includeInIndex = 0; path = "libPods-CATProject.a"; sourceTree = BUILT_PRODUCTS_DIR; };
		3C297C5878AC43B2B573420F /* Pods-CATProject.debug.xcconfig */ = {isa = PBXFileReference; includeInIndex = 1; lastKnownFileType = text.xcconfig; name = "Pods-CATProject.debug.xcconfig"; path = "Target Support Files/Pods-CATProject/Pods-CATProject.debug.xcconfig"; sourceTree = "<group>"; };
		61F4BA30D109FAAEB1230943 /* Pods-CATProject.release.xcconfig */ = {isa = PBXFileReference; includeInIndex = 1; lastKnownFileType = text.xcconfig; name = "Pods-CATProject.release.xcconfig"; path = "Target Support Files/Pods-CATProject/Pods-CATProject.release.xcconfig"; sourceTree = "<group>"; };
		932BE07E25162016008FACEA /* cat_compose_location_icon@3x.png */ = {isa = PBXFileReference; lastKnownFileType = image.png; path = "cat_compose_location_icon@3x.png"; sourceTree = "<group>"; };
		932BE07F25162016008FACEA /* cat_compose_location_icon@2x.png */ = {isa = PBXFileReference; lastKnownFileType = image.png; path = "cat_compose_location_icon@2x.png"; sourceTree = "<group>"; };
		932EB43D2510646500F640F6 /* zh-Hans */ = {isa = PBXFileReference; lastKnownFileType = text.plist.strings; name = "zh-Hans"; path = "zh-Hans.lproj/LaunchScreen.strings"; sourceTree = "<group>"; };
		932EB43E251064AA00F640F6 /* zh-Hant */ = {isa = PBXFileReference; lastKnownFileType = text.plist.strings; name = "zh-Hant"; path = "zh-Hant.lproj/LaunchScreen.strings"; sourceTree = "<group>"; };
		932EB442251064D600F640F6 /* en */ = {isa = PBXFileReference; lastKnownFileType = text.plist.strings; name = en; path = en.lproj/LaunchScreen.strings; sourceTree = "<group>"; };
		932EB444251064EC00F640F6 /* en */ = {isa = PBXFileReference; lastKnownFileType = text.plist.strings; name = en; path = en.lproj/InfoPlist.strings; sourceTree = "<group>"; };
		932EB446251064F300F640F6 /* zh-Hans */ = {isa = PBXFileReference; lastKnownFileType = text.plist.strings; name = "zh-Hans"; path = "zh-Hans.lproj/InfoPlist.strings"; sourceTree = "<group>"; };
		932EB447251064F900F640F6 /* zh-Hant */ = {isa = PBXFileReference; lastKnownFileType = text.plist.strings; name = "zh-Hant"; path = "zh-Hant.lproj/InfoPlist.strings"; sourceTree = "<group>"; };
		932EB44B2510680500F640F6 /* en */ = {isa = PBXFileReference; lastKnownFileType = text.plist.strings; name = en; path = en.lproj/Localizable.strings; sourceTree = "<group>"; };
		932EB44D2510680800F640F6 /* zh-Hans */ = {isa = PBXFileReference; lastKnownFileType = text.plist.strings; name = "zh-Hans"; path = "zh-Hans.lproj/Localizable.strings"; sourceTree = "<group>"; };
		932EB44E2510680A00F640F6 /* zh-Hant */ = {isa = PBXFileReference; lastKnownFileType = text.plist.strings; name = "zh-Hant"; path = "zh-Hant.lproj/Localizable.strings"; sourceTree = "<group>"; };
		932EB45125106C8800F640F6 /* cat_navigation_bar_black_back_icon@3x.png */ = {isa = PBXFileReference; lastKnownFileType = image.png; path = "cat_navigation_bar_black_back_icon@3x.png"; sourceTree = "<group>"; };
		932EB45225106C8800F640F6 /* cat_tab_bar_profile_unselected_icon@2x.png */ = {isa = PBXFileReference; lastKnownFileType = image.png; path = "cat_tab_bar_profile_unselected_icon@2x.png"; sourceTree = "<group>"; };
		932EB45325106C8800F640F6 /* cat_tab_bar_profile_unselected_icon@3x.png */ = {isa = PBXFileReference; lastKnownFileType = image.png; path = "cat_tab_bar_profile_unselected_icon@3x.png"; sourceTree = "<group>"; };
		932EB45425106C8800F640F6 /* cat_navigation_bar_black_back_icon@2x.png */ = {isa = PBXFileReference; lastKnownFileType = image.png; path = "cat_navigation_bar_black_back_icon@2x.png"; sourceTree = "<group>"; };
		932EB45525106C8800F640F6 /* cat_tab_bar_profile_selected_icon@2x.png */ = {isa = PBXFileReference; lastKnownFileType = image.png; path = "cat_tab_bar_profile_selected_icon@2x.png"; sourceTree = "<group>"; };
		932EB45625106C8900F640F6 /* cat_tab_bar_profile_selected_icon@3x.png */ = {isa = PBXFileReference; lastKnownFileType = image.png; path = "cat_tab_bar_profile_selected_icon@3x.png"; sourceTree = "<group>"; };
		932EB45F25106CEC00F640F6 /* ic_nav_act_add@2x.png */ = {isa = PBXFileReference; lastKnownFileType = image.png; path = "ic_nav_act_add@2x.png"; sourceTree = "<group>"; };
		932EB4612510873F00F640F6 /* CATComposeViewController.h */ = {isa = PBXFileReference; lastKnownFileType = sourcecode.c.h; path = CATComposeViewController.h; sourceTree = "<group>"; };
		932EB4622510873F00F640F6 /* CATComposeViewController.m */ = {isa = PBXFileReference; lastKnownFileType = sourcecode.c.objc; path = CATComposeViewController.m; sourceTree = "<group>"; };
		932EB4682510888000F640F6 /* CATComposePhotoModuleView.h */ = {isa = PBXFileReference; lastKnownFileType = sourcecode.c.h; path = CATComposePhotoModuleView.h; sourceTree = "<group>"; };
		932EB4692510888000F640F6 /* CATComposePhotoModuleView.m */ = {isa = PBXFileReference; lastKnownFileType = sourcecode.c.objc; path = CATComposePhotoModuleView.m; sourceTree = "<group>"; };
		936D466A2500868400E50367 /* CATNavigationBar.h */ = {isa = PBXFileReference; lastKnownFileType = sourcecode.c.h; path = CATNavigationBar.h; sourceTree = "<group>"; };
		936D466B2500868400E50367 /* CATNavigationBar.m */ = {isa = PBXFileReference; lastKnownFileType = sourcecode.c.objc; path = CATNavigationBar.m; sourceTree = "<group>"; };
		936D46712500CE5600E50367 /* CATButton.h */ = {isa = PBXFileReference; lastKnownFileType = sourcecode.c.h; path = CATButton.h; sourceTree = "<group>"; };
		936D46722500CE5600E50367 /* CATButton.m */ = {isa = PBXFileReference; lastKnownFileType = sourcecode.c.objc; path = CATButton.m; sourceTree = "<group>"; };
		9390E8E52515FE7F00A0DDD1 /* cat_compose_add_photo_icon@3x.png */ = {isa = PBXFileReference; lastKnownFileType = image.png; path = "cat_compose_add_photo_icon@3x.png"; sourceTree = "<group>"; };
		9390E8E62515FE8000A0DDD1 /* cat_compose_add_photo_icon@2x.png */ = {isa = PBXFileReference; lastKnownFileType = image.png; path = "cat_compose_add_photo_icon@2x.png"; sourceTree = "<group>"; };
		93A25C7B250342F600B19250 /* CATDetailViewController.h */ = {isa = PBXFileReference; lastKnownFileType = sourcecode.c.h; path = CATDetailViewController.h; sourceTree = "<group>"; };
		93A25C7C250342F600B19250 /* CATDetailViewController.m */ = {isa = PBXFileReference; lastKnownFileType = sourcecode.c.objc; path = CATDetailViewController.m; sourceTree = "<group>"; };
		93E4ED6325023E2B0080768F /* CATNaviButtonItem.h */ = {isa = PBXFileReference; lastKnownFileType = sourcecode.c.h; path = CATNaviButtonItem.h; sourceTree = "<group>"; };
		93E4ED6425023E2B0080768F /* CATNaviButtonItem.m */ = {isa = PBXFileReference; lastKnownFileType = sourcecode.c.objc; path = CATNaviButtonItem.m; sourceTree = "<group>"; };
		93FE677324FE116B0031FC9E /* CATProject.app */ = {isa = PBXFileReference; explicitFileType = wrapper.application; includeInIndex = 0; path = CATProject.app; sourceTree = BUILT_PRODUCTS_DIR; };
		93FE677624FE116B0031FC9E /* CATAppDelegate.h */ = {isa = PBXFileReference; lastKnownFileType = sourcecode.c.h; path = CATAppDelegate.h; sourceTree = "<group>"; };
		93FE677724FE116B0031FC9E /* CATAppDelegate.m */ = {isa = PBXFileReference; lastKnownFileType = sourcecode.c.objc; path = CATAppDelegate.m; sourceTree = "<group>"; };
		93FE678224FE116F0031FC9E /* Assets.xcassets */ = {isa = PBXFileReference; lastKnownFileType = folder.assetcatalog; path = Assets.xcassets; sourceTree = "<group>"; };
		93FE678524FE116F0031FC9E /* Base */ = {isa = PBXFileReference; lastKnownFileType = file.storyboard; name = Base; path = Base.lproj/LaunchScreen.storyboard; sourceTree = "<group>"; };
		93FE678724FE116F0031FC9E /* Info.plist */ = {isa = PBXFileReference; lastKnownFileType = text.plist.xml; path = Info.plist; sourceTree = "<group>"; };
		93FE678824FE116F0031FC9E /* main.m */ = {isa = PBXFileReference; lastKnownFileType = sourcecode.c.objc; path = main.m; sourceTree = "<group>"; };
		93FE6D0024FE6DE80031FC9E /* Default-568h@2x.png */ = {isa = PBXFileReference; lastKnownFileType = image.png; path = "Default-568h@2x.png"; sourceTree = "<group>"; };
		93FE6D0524FE6EB40031FC9E /* CATBaseViewController.h */ = {isa = PBXFileReference; lastKnownFileType = sourcecode.c.h; path = CATBaseViewController.h; sourceTree = "<group>"; };
		93FE6D0624FE6EB40031FC9E /* CATBaseViewController.m */ = {isa = PBXFileReference; lastKnownFileType = sourcecode.c.objc; path = CATBaseViewController.m; sourceTree = "<group>"; };
		93FE6D0824FE6ED60031FC9E /* CATHomeViewController.h */ = {isa = PBXFileReference; lastKnownFileType = sourcecode.c.h; path = CATHomeViewController.h; sourceTree = "<group>"; };
		93FE6D0924FE6ED60031FC9E /* CATHomeViewController.m */ = {isa = PBXFileReference; lastKnownFileType = sourcecode.c.objc; path = CATHomeViewController.m; sourceTree = "<group>"; };
		93FE6D0C24FE716A0031FC9E /* CATNavigationController.h */ = {isa = PBXFileReference; lastKnownFileType = sourcecode.c.h; path = CATNavigationController.h; sourceTree = "<group>"; };
		93FE6D0D24FE716A0031FC9E /* CATNavigationController.m */ = {isa = PBXFileReference; lastKnownFileType = sourcecode.c.objc; path = CATNavigationController.m; sourceTree = "<group>"; };
		93FE6D0F24FE717D0031FC9E /* CATTabBarController.h */ = {isa = PBXFileReference; lastKnownFileType = sourcecode.c.h; path = CATTabBarController.h; sourceTree = "<group>"; };
		93FE6D1024FE717D0031FC9E /* CATTabBarController.m */ = {isa = PBXFileReference; lastKnownFileType = sourcecode.c.objc; path = CATTabBarController.m; sourceTree = "<group>"; };
		93FE6D1224FE71940031FC9E /* CATProfileViewController.h */ = {isa = PBXFileReference; lastKnownFileType = sourcecode.c.h; path = CATProfileViewController.h; sourceTree = "<group>"; };
		93FE6D1324FE71940031FC9E /* CATProfileViewController.m */ = {isa = PBXFileReference; lastKnownFileType = sourcecode.c.objc; path = CATProfileViewController.m; sourceTree = "<group>"; };
		93FE6D1D24FF4D690031FC9E /* CATCommonMacro.h */ = {isa = PBXFileReference; lastKnownFileType = sourcecode.c.h; path = CATCommonMacro.h; sourceTree = "<group>"; };
/* End PBXFileReference section */

/* Begin PBXFrameworksBuildPhase section */
		93FE677024FE116B0031FC9E /* Frameworks */ = {
			isa = PBXFrameworksBuildPhase;
			buildActionMask = 2147483647;
			files = (
				EBC4930FF7318819F6305CCA /* libPods-CATProject.a in Frameworks */,
			);
			runOnlyForDeploymentPostprocessing = 0;
		};
/* End PBXFrameworksBuildPhase section */

/* Begin PBXGroup section */
		24F227E3199CF016E89152EF /* Pods */ = {
			isa = PBXGroup;
			children = (
				3C297C5878AC43B2B573420F /* Pods-CATProject.debug.xcconfig */,
				61F4BA30D109FAAEB1230943 /* Pods-CATProject.release.xcconfig */,
			);
			path = Pods;
			sourceTree = "<group>";
		};
		647D7A3898E92AFBCCB49EC3 /* Frameworks */ = {
			isa = PBXGroup;
			children = (
				2BF4A8EBD34034F93E1A963C /* libPods-CATProject.a */,
			);
			name = Frameworks;
			sourceTree = "<group>";
		};
		932EB44F25106C2D00F640F6 /* ImageResources */ = {
			isa = PBXGroup;
			children = (
				9390E8E42515FCF400A0DDD1 /* Compose */,
				932EB45025106C4D00F640F6 /* Common */,
			);
			path = ImageResources;
			sourceTree = "<group>";
		};
		932EB45025106C4D00F640F6 /* Common */ = {
			isa = PBXGroup;
			children = (
				932EB45F25106CEC00F640F6 /* ic_nav_act_add@2x.png */,
				932EB45425106C8800F640F6 /* cat_navigation_bar_black_back_icon@2x.png */,
				932EB45125106C8800F640F6 /* cat_navigation_bar_black_back_icon@3x.png */,
				932EB45525106C8800F640F6 /* cat_tab_bar_profile_selected_icon@2x.png */,
				932EB45625106C8900F640F6 /* cat_tab_bar_profile_selected_icon@3x.png */,
				932EB45225106C8800F640F6 /* cat_tab_bar_profile_unselected_icon@2x.png */,
				932EB45325106C8800F640F6 /* cat_tab_bar_profile_unselected_icon@3x.png */,
			);
			path = Common;
			sourceTree = "<group>";
		};
		932EB4642510875300F640F6 /* Timeline */ = {
			isa = PBXGroup;
			children = (
				93FE6D0824FE6ED60031FC9E /* CATHomeViewController.h */,
				93FE6D0924FE6ED60031FC9E /* CATHomeViewController.m */,
				93A25C7B250342F600B19250 /* CATDetailViewController.h */,
				93A25C7C250342F600B19250 /* CATDetailViewController.m */,
			);
			path = Timeline;
			sourceTree = "<group>";
		};
		932EB4652510876500F640F6 /* Compose */ = {
			isa = PBXGroup;
			children = (
				932EB4662510883D00F640F6 /* Controller */,
				932EB4672510884A00F640F6 /* View */,
			);
			path = Compose;
			sourceTree = "<group>";
		};
		932EB4662510883D00F640F6 /* Controller */ = {
			isa = PBXGroup;
			children = (
				932EB4612510873F00F640F6 /* CATComposeViewController.h */,
				932EB4622510873F00F640F6 /* CATComposeViewController.m */,
			);
			path = Controller;
			sourceTree = "<group>";
		};
		932EB4672510884A00F640F6 /* View */ = {
			isa = PBXGroup;
			children = (
				932EB4682510888000F640F6 /* CATComposePhotoModuleView.h */,
				932EB4692510888000F640F6 /* CATComposePhotoModuleView.m */,
			);
			path = View;
			sourceTree = "<group>";
		};
		936D4668250084B900E50367 /* Controller */ = {
			isa = PBXGroup;
			children = (
				93FE6D0524FE6EB40031FC9E /* CATBaseViewController.h */,
				93FE6D0624FE6EB40031FC9E /* CATBaseViewController.m */,
				93FE6D0C24FE716A0031FC9E /* CATNavigationController.h */,
				93FE6D0D24FE716A0031FC9E /* CATNavigationController.m */,
				93FE6D0F24FE717D0031FC9E /* CATTabBarController.h */,
				93FE6D1024FE717D0031FC9E /* CATTabBarController.m */,
			);
			path = Controller;
			sourceTree = "<group>";
		};
		936D4669250084C900E50367 /* View */ = {
			isa = PBXGroup;
			children = (
				936D466A2500868400E50367 /* CATNavigationBar.h */,
				936D466B2500868400E50367 /* CATNavigationBar.m */,
				93E4ED6325023E2B0080768F /* CATNaviButtonItem.h */,
				93E4ED6425023E2B0080768F /* CATNaviButtonItem.m */,
				936D46712500CE5600E50367 /* CATButton.h */,
				936D46722500CE5600E50367 /* CATButton.m */,
			);
			path = View;
			sourceTree = "<group>";
		};
		936D46742500D5BD00E50367 /* Category */ = {
			isa = PBXGroup;
			children = (
			);
			path = Category;
			sourceTree = "<group>";
		};
		9390E8E42515FCF400A0DDD1 /* Compose */ = {
			isa = PBXGroup;
			children = (
				932BE07F25162016008FACEA /* cat_compose_location_icon@2x.png */,
				932BE07E25162016008FACEA /* cat_compose_location_icon@3x.png */,
				9390E8E62515FE8000A0DDD1 /* cat_compose_add_photo_icon@2x.png */,
				9390E8E52515FE7F00A0DDD1 /* cat_compose_add_photo_icon@3x.png */,
			);
			path = Compose;
			sourceTree = "<group>";
		};
		93FE676A24FE116B0031FC9E = {
			isa = PBXGroup;
			children = (
				93FE6D0024FE6DE80031FC9E /* Default-568h@2x.png */,
				93FE677524FE116B0031FC9E /* CATProject */,
				93FE677424FE116B0031FC9E /* Products */,
				24F227E3199CF016E89152EF /* Pods */,
				647D7A3898E92AFBCCB49EC3 /* Frameworks */,
			);
			sourceTree = "<group>";
		};
		93FE677424FE116B0031FC9E /* Products */ = {
			isa = PBXGroup;
			children = (
				93FE677324FE116B0031FC9E /* CATProject.app */,
			);
			name = Products;
			sourceTree = "<group>";
		};
		93FE677524FE116B0031FC9E /* CATProject */ = {
			isa = PBXGroup;
			children = (
				93FE677624FE116B0031FC9E /* CATAppDelegate.h */,
				93FE677724FE116B0031FC9E /* CATAppDelegate.m */,
				93FE6D0224FE6E740031FC9E /* Classes */,
				93FE6CFF24FE6DC90031FC9E /* Others */,
			);
			path = CATProject;
			sourceTree = "<group>";
		};
		93FE6CFF24FE6DC90031FC9E /* Others */ = {
			isa = PBXGroup;
			children = (
				932EB44F25106C2D00F640F6 /* ImageResources */,
				93FE678224FE116F0031FC9E /* Assets.xcassets */,
				93FE678424FE116F0031FC9E /* LaunchScreen.storyboard */,
				93FE678724FE116F0031FC9E /* Info.plist */,
				93FE678824FE116F0031FC9E /* main.m */,
				932EB445251064EC00F640F6 /* InfoPlist.strings */,
				932EB44C2510680500F640F6 /* Localizable.strings */,
			);
			path = Others;
			sourceTree = "<group>";
		};
		93FE6D0224FE6E740031FC9E /* Classes */ = {
			isa = PBXGroup;
			children = (
				93FE6D0424FE6E990031FC9E /* Common */,
				93FE6D0B24FE714C0031FC9E /* Profile */,
				93FE6D0324FE6E7F0031FC9E /* Home */,
			);
			path = Classes;
			sourceTree = "<group>";
		};
		93FE6D0324FE6E7F0031FC9E /* Home */ = {
			isa = PBXGroup;
			children = (
				932EB4642510875300F640F6 /* Timeline */,
				932EB4652510876500F640F6 /* Compose */,
			);
			path = Home;
			sourceTree = "<group>";
		};
		93FE6D0424FE6E990031FC9E /* Common */ = {
			isa = PBXGroup;
			children = (
				93FE6D1D24FF4D690031FC9E /* CATCommonMacro.h */,
				936D46742500D5BD00E50367 /* Category */,
				936D4668250084B900E50367 /* Controller */,
				936D4669250084C900E50367 /* View */,
			);
			path = Common;
			sourceTree = "<group>";
		};
		93FE6D0B24FE714C0031FC9E /* Profile */ = {
			isa = PBXGroup;
			children = (
				93FE6D1224FE71940031FC9E /* CATProfileViewController.h */,
				93FE6D1324FE71940031FC9E /* CATProfileViewController.m */,
			);
			path = Profile;
			sourceTree = "<group>";
		};
/* End PBXGroup section */

/* Begin PBXNativeTarget section */
		93FE677224FE116B0031FC9E /* CATProject */ = {
			isa = PBXNativeTarget;
			buildConfigurationList = 93FE678C24FE116F0031FC9E /* Build configuration list for PBXNativeTarget "CATProject" */;
			buildPhases = (
				63B11FB76EAFB8072B0A9ADF /* [CP] Check Pods Manifest.lock */,
				93FE676F24FE116B0031FC9E /* Sources */,
				93FE677024FE116B0031FC9E /* Frameworks */,
				93FE677124FE116B0031FC9E /* Resources */,
				8CC3B4DF825BD1F9C0F2CC02 /* [CP] Copy Pods Resources */,
			);
			buildRules = (
			);
			dependencies = (
			);
			name = CATProject;
			productName = CATProject;
			productReference = 93FE677324FE116B0031FC9E /* CATProject.app */;
			productType = "com.apple.product-type.application";
		};
/* End PBXNativeTarget section */

/* Begin PBXProject section */
		93FE676B24FE116B0031FC9E /* Project object */ = {
			isa = PBXProject;
			attributes = {
				LastUpgradeCheck = 1200;
				ORGANIZATIONNAME = Shihuaixing;
				TargetAttributes = {
					93FE677224FE116B0031FC9E = {
						CreatedOnToolsVersion = 11.5;
					};
				};
			};
			buildConfigurationList = 93FE676E24FE116B0031FC9E /* Build configuration list for PBXProject "CATProject" */;
			compatibilityVersion = "Xcode 9.3";
			developmentRegion = en;
			hasScannedForEncodings = 0;
			knownRegions = (
				en,
				Base,
				"zh-Hans",
				"zh-Hant",
			);
			mainGroup = 93FE676A24FE116B0031FC9E;
			productRefGroup = 93FE677424FE116B0031FC9E /* Products */;
			projectDirPath = "";
			projectRoot = "";
			targets = (
				93FE677224FE116B0031FC9E /* CATProject */,
			);
		};
/* End PBXProject section */

/* Begin PBXResourcesBuildPhase section */
		93FE677124FE116B0031FC9E /* Resources */ = {
			isa = PBXResourcesBuildPhase;
			buildActionMask = 2147483647;
			files = (
				932EB44A2510680500F640F6 /* Localizable.strings in Resources */,
				932EB46025106CEC00F640F6 /* ic_nav_act_add@2x.png in Resources */,
				9390E8E82515FE8000A0DDD1 /* cat_compose_add_photo_icon@2x.png in Resources */,
				932EB45B25106C8900F640F6 /* cat_tab_bar_profile_selected_icon@2x.png in Resources */,
				932BE08125162016008FACEA /* cat_compose_location_icon@2x.png in Resources */,
				93FE678624FE116F0031FC9E /* LaunchScreen.storyboard in Resources */,
				9390E8E72515FE8000A0DDD1 /* cat_compose_add_photo_icon@3x.png in Resources */,
				932BE08025162016008FACEA /* cat_compose_location_icon@3x.png in Resources */,
				932EB45825106C8900F640F6 /* cat_tab_bar_profile_unselected_icon@2x.png in Resources */,
				932EB45C25106C8900F640F6 /* cat_tab_bar_profile_selected_icon@3x.png in Resources */,
				932EB45725106C8900F640F6 /* cat_navigation_bar_black_back_icon@3x.png in Resources */,
				932EB443251064EC00F640F6 /* InfoPlist.strings in Resources */,
				932EB45A25106C8900F640F6 /* cat_navigation_bar_black_back_icon@2x.png in Resources */,
				932EB45925106C8900F640F6 /* cat_tab_bar_profile_unselected_icon@3x.png in Resources */,
				93FE678324FE116F0031FC9E /* Assets.xcassets in Resources */,
				93FE6D0124FE6DE80031FC9E /* Default-568h@2x.png in Resources */,
			);
			runOnlyForDeploymentPostprocessing = 0;
		};
/* End PBXResourcesBuildPhase section */

/* Begin PBXShellScriptBuildPhase section */
		63B11FB76EAFB8072B0A9ADF /* [CP] Check Pods Manifest.lock */ = {
			isa = PBXShellScriptBuildPhase;
			buildActionMask = 2147483647;
			files = (
			);
			inputFileListPaths = (
			);
			inputPaths = (
				"${PODS_PODFILE_DIR_PATH}/Podfile.lock",
				"${PODS_ROOT}/Manifest.lock",
			);
			name = "[CP] Check Pods Manifest.lock";
			outputFileListPaths = (
			);
			outputPaths = (
				"$(DERIVED_FILE_DIR)/Pods-CATProject-checkManifestLockResult.txt",
			);
			runOnlyForDeploymentPostprocessing = 0;
			shellPath = /bin/sh;
			shellScript = "diff \"${PODS_PODFILE_DIR_PATH}/Podfile.lock\" \"${PODS_ROOT}/Manifest.lock\" > /dev/null\nif [ $? != 0 ] ; then\n    # print error to STDERR\n    echo \"error: The sandbox is not in sync with the Podfile.lock. Run 'pod install' or update your CocoaPods installation.\" >&2\n    exit 1\nfi\n# This output is used by Xcode 'outputs' to avoid re-running this script phase.\necho \"SUCCESS\" > \"${SCRIPT_OUTPUT_FILE_0}\"\n";
			showEnvVarsInLog = 0;
		};
		8CC3B4DF825BD1F9C0F2CC02 /* [CP] Copy Pods Resources */ = {
			isa = PBXShellScriptBuildPhase;
			buildActionMask = 2147483647;
			files = (
			);
			inputFileListPaths = (
				"${PODS_ROOT}/Target Support Files/Pods-CATProject/Pods-CATProject-resources-${CONFIGURATION}-input-files.xcfilelist",
			);
			name = "[CP] Copy Pods Resources";
			outputFileListPaths = (
				"${PODS_ROOT}/Target Support Files/Pods-CATProject/Pods-CATProject-resources-${CONFIGURATION}-output-files.xcfilelist",
			);
			runOnlyForDeploymentPostprocessing = 0;
			shellPath = /bin/sh;
			shellScript = "\"${PODS_ROOT}/Target Support Files/Pods-CATProject/Pods-CATProject-resources.sh\"\n";
			showEnvVarsInLog = 0;
		};
/* End PBXShellScriptBuildPhase section */

/* Begin PBXSourcesBuildPhase section */
		93FE676F24FE116B0031FC9E /* Sources */ = {
			isa = PBXSourcesBuildPhase;
			buildActionMask = 2147483647;
			files = (
				936D46732500CE5600E50367 /* CATButton.m in Sources */,
				93FE6D0724FE6EB40031FC9E /* CATBaseViewController.m in Sources */,
				93E4ED6525023E2B0080768F /* CATNaviButtonItem.m in Sources */,
				93FE677824FE116B0031FC9E /* CATAppDelegate.m in Sources */,
				932EB4632510873F00F640F6 /* CATComposeViewController.m in Sources */,
				936D466C2500868400E50367 /* CATNavigationBar.m in Sources */,
				93FE6D0A24FE6ED60031FC9E /* CATHomeViewController.m in Sources */,
				93FE678924FE116F0031FC9E /* main.m in Sources */,
				93A25C7D250342F600B19250 /* CATDetailViewController.m in Sources */,
				93FE6D1124FE717D0031FC9E /* CATTabBarController.m in Sources */,
				93FE6D1424FE71940031FC9E /* CATProfileViewController.m in Sources */,
				93FE6D0E24FE716A0031FC9E /* CATNavigationController.m in Sources */,
				932EB46A2510888000F640F6 /* CATComposePhotoModuleView.m in Sources */,
			);
			runOnlyForDeploymentPostprocessing = 0;
		};
/* End PBXSourcesBuildPhase section */

/* Begin PBXVariantGroup section */
		932EB445251064EC00F640F6 /* InfoPlist.strings */ = {
			isa = PBXVariantGroup;
			children = (
				932EB444251064EC00F640F6 /* en */,
				932EB446251064F300F640F6 /* zh-Hans */,
				932EB447251064F900F640F6 /* zh-Hant */,
			);
			name = InfoPlist.strings;
			sourceTree = "<group>";
		};
		932EB44C2510680500F640F6 /* Localizable.strings */ = {
			isa = PBXVariantGroup;
			children = (
				932EB44B2510680500F640F6 /* en */,
				932EB44D2510680800F640F6 /* zh-Hans */,
				932EB44E2510680A00F640F6 /* zh-Hant */,
			);
			name = Localizable.strings;
			sourceTree = "<group>";
		};
		93FE678424FE116F0031FC9E /* LaunchScreen.storyboard */ = {
			isa = PBXVariantGroup;
			children = (
				93FE678524FE116F0031FC9E /* Base */,
				932EB43D2510646500F640F6 /* zh-Hans */,
				932EB43E251064AA00F640F6 /* zh-Hant */,
				932EB442251064D600F640F6 /* en */,
			);
			name = LaunchScreen.storyboard;
			sourceTree = "<group>";
		};
/* End PBXVariantGroup section */

/* Begin XCBuildConfiguration section */
		93FE678A24FE116F0031FC9E /* Debug */ = {
			isa = XCBuildConfiguration;
			buildSettings = {
				ALWAYS_SEARCH_USER_PATHS = NO;
				CLANG_ANALYZER_LOCALIZABILITY_NONLOCALIZED = YES;
				CLANG_ANALYZER_NONNULL = YES;
				CLANG_ANALYZER_NUMBER_OBJECT_CONVERSION = YES_AGGRESSIVE;
				CLANG_CXX_LANGUAGE_STANDARD = "gnu++14";
				CLANG_CXX_LIBRARY = "libc++";
				CLANG_ENABLE_MODULES = YES;
				CLANG_ENABLE_OBJC_ARC = YES;
				CLANG_ENABLE_OBJC_WEAK = YES;
				CLANG_WARN_BLOCK_CAPTURE_AUTORELEASING = YES;
				CLANG_WARN_BOOL_CONVERSION = YES;
				CLANG_WARN_COMMA = YES;
				CLANG_WARN_CONSTANT_CONVERSION = YES;
				CLANG_WARN_DEPRECATED_OBJC_IMPLEMENTATIONS = YES;
				CLANG_WARN_DIRECT_OBJC_ISA_USAGE = YES_ERROR;
				CLANG_WARN_DOCUMENTATION_COMMENTS = YES;
				CLANG_WARN_EMPTY_BODY = YES;
				CLANG_WARN_ENUM_CONVERSION = YES;
				CLANG_WARN_INFINITE_RECURSION = YES;
				CLANG_WARN_INT_CONVERSION = YES;
				CLANG_WARN_NON_LITERAL_NULL_CONVERSION = YES;
				CLANG_WARN_OBJC_IMPLICIT_RETAIN_SELF = YES;
				CLANG_WARN_OBJC_LITERAL_CONVERSION = YES;
				CLANG_WARN_OBJC_ROOT_CLASS = YES_ERROR;
				CLANG_WARN_QUOTED_INCLUDE_IN_FRAMEWORK_HEADER = YES;
				CLANG_WARN_RANGE_LOOP_ANALYSIS = YES;
				CLANG_WARN_STRICT_PROTOTYPES = YES;
				CLANG_WARN_SUSPICIOUS_MOVE = YES;
				CLANG_WARN_UNGUARDED_AVAILABILITY = YES_AGGRESSIVE;
				CLANG_WARN_UNREACHABLE_CODE = YES;
				CLANG_WARN__DUPLICATE_METHOD_MATCH = YES;
				COPY_PHASE_STRIP = NO;
				DEBUG_INFORMATION_FORMAT = dwarf;
				ENABLE_STRICT_OBJC_MSGSEND = YES;
				ENABLE_TESTABILITY = YES;
				GCC_C_LANGUAGE_STANDARD = gnu11;
				GCC_DYNAMIC_NO_PIC = NO;
				GCC_NO_COMMON_BLOCKS = YES;
				GCC_OPTIMIZATION_LEVEL = 0;
				GCC_PREPROCESSOR_DEFINITIONS = (
					"DEBUG=1",
					"$(inherited)",
				);
				GCC_WARN_64_TO_32_BIT_CONVERSION = YES;
				GCC_WARN_ABOUT_RETURN_TYPE = YES_ERROR;
				GCC_WARN_UNDECLARED_SELECTOR = YES;
				GCC_WARN_UNINITIALIZED_AUTOS = YES_AGGRESSIVE;
				GCC_WARN_UNUSED_FUNCTION = YES;
				GCC_WARN_UNUSED_VARIABLE = YES;
				IPHONEOS_DEPLOYMENT_TARGET = 10.0;
				MTL_ENABLE_DEBUG_INFO = INCLUDE_SOURCE;
				MTL_FAST_MATH = YES;
				ONLY_ACTIVE_ARCH = YES;
				SDKROOT = iphoneos;
			};
			name = Debug;
		};
		93FE678B24FE116F0031FC9E /* Release */ = {
			isa = XCBuildConfiguration;
			buildSettings = {
				ALWAYS_SEARCH_USER_PATHS = NO;
				CLANG_ANALYZER_LOCALIZABILITY_NONLOCALIZED = YES;
				CLANG_ANALYZER_NONNULL = YES;
				CLANG_ANALYZER_NUMBER_OBJECT_CONVERSION = YES_AGGRESSIVE;
				CLANG_CXX_LANGUAGE_STANDARD = "gnu++14";
				CLANG_CXX_LIBRARY = "libc++";
				CLANG_ENABLE_MODULES = YES;
				CLANG_ENABLE_OBJC_ARC = YES;
				CLANG_ENABLE_OBJC_WEAK = YES;
				CLANG_WARN_BLOCK_CAPTURE_AUTORELEASING = YES;
				CLANG_WARN_BOOL_CONVERSION = YES;
				CLANG_WARN_COMMA = YES;
				CLANG_WARN_CONSTANT_CONVERSION = YES;
				CLANG_WARN_DEPRECATED_OBJC_IMPLEMENTATIONS = YES;
				CLANG_WARN_DIRECT_OBJC_ISA_USAGE = YES_ERROR;
				CLANG_WARN_DOCUMENTATION_COMMENTS = YES;
				CLANG_WARN_EMPTY_BODY = YES;
				CLANG_WARN_ENUM_CONVERSION = YES;
				CLANG_WARN_INFINITE_RECURSION = YES;
				CLANG_WARN_INT_CONVERSION = YES;
				CLANG_WARN_NON_LITERAL_NULL_CONVERSION = YES;
				CLANG_WARN_OBJC_IMPLICIT_RETAIN_SELF = YES;
				CLANG_WARN_OBJC_LITERAL_CONVERSION = YES;
				CLANG_WARN_OBJC_ROOT_CLASS = YES_ERROR;
				CLANG_WARN_QUOTED_INCLUDE_IN_FRAMEWORK_HEADER = YES;
				CLANG_WARN_RANGE_LOOP_ANALYSIS = YES;
				CLANG_WARN_STRICT_PROTOTYPES = YES;
				CLANG_WARN_SUSPICIOUS_MOVE = YES;
				CLANG_WARN_UNGUARDED_AVAILABILITY = YES_AGGRESSIVE;
				CLANG_WARN_UNREACHABLE_CODE = YES;
				CLANG_WARN__DUPLICATE_METHOD_MATCH = YES;
				COPY_PHASE_STRIP = NO;
				DEBUG_INFORMATION_FORMAT = "dwarf-with-dsym";
				ENABLE_NS_ASSERTIONS = NO;
				ENABLE_STRICT_OBJC_MSGSEND = YES;
				GCC_C_LANGUAGE_STANDARD = gnu11;
				GCC_NO_COMMON_BLOCKS = YES;
				GCC_WARN_64_TO_32_BIT_CONVERSION = YES;
				GCC_WARN_ABOUT_RETURN_TYPE = YES_ERROR;
				GCC_WARN_UNDECLARED_SELECTOR = YES;
				GCC_WARN_UNINITIALIZED_AUTOS = YES_AGGRESSIVE;
				GCC_WARN_UNUSED_FUNCTION = YES;
				GCC_WARN_UNUSED_VARIABLE = YES;
				IPHONEOS_DEPLOYMENT_TARGET = 10.0;
				MTL_ENABLE_DEBUG_INFO = NO;
				MTL_FAST_MATH = YES;
				SDKROOT = iphoneos;
				VALIDATE_PRODUCT = YES;
			};
			name = Release;
		};
		93FE678D24FE116F0031FC9E /* Debug */ = {
			isa = XCBuildConfiguration;
			baseConfigurationReference = 3C297C5878AC43B2B573420F /* Pods-CATProject.debug.xcconfig */;
			buildSettings = {
				ASSETCATALOG_COMPILER_APPICON_NAME = AppIcon;
				CODE_SIGN_STYLE = Automatic;
				CURRENT_PROJECT_VERSION = 100;
				DEVELOPMENT_TEAM = 2P66JWV7UM;
				INFOPLIST_FILE = CATProject/Others/Info.plist;
				IPHONEOS_DEPLOYMENT_TARGET = 10.0;
				LD_RUNPATH_SEARCH_PATHS = (
					"$(inherited)",
					"@executable_path/Frameworks",
				);
				MARKETING_VERSION = 1.0.1;
				PRODUCT_BUNDLE_IDENTIFIER = com.Monkey.CATProject;
				PRODUCT_NAME = "$(TARGET_NAME)";
				TARGETED_DEVICE_FAMILY = 1;
			};
			name = Debug;
		};
		93FE678E24FE116F0031FC9E /* Release */ = {
			isa = XCBuildConfiguration;
			baseConfigurationReference = 61F4BA30D109FAAEB1230943 /* Pods-CATProject.release.xcconfig */;
			buildSettings = {
				ASSETCATALOG_COMPILER_APPICON_NAME = AppIcon;
				CODE_SIGN_STYLE = Automatic;
				CURRENT_PROJECT_VERSION = 100;
				DEVELOPMENT_TEAM = 2P66JWV7UM;
				INFOPLIST_FILE = CATProject/Others/Info.plist;
				IPHONEOS_DEPLOYMENT_TARGET = 10.0;
				LD_RUNPATH_SEARCH_PATHS = (
					"$(inherited)",
					"@executable_path/Frameworks",
				);
				MARKETING_VERSION = 1.0.1;
				PRODUCT_BUNDLE_IDENTIFIER = com.Monkey.CATProject;
				PRODUCT_NAME = "$(TARGET_NAME)";
				TARGETED_DEVICE_FAMILY = 1;
			};
			name = Release;
		};
/* End XCBuildConfiguration section */

/* Begin XCConfigurationList section */
		93FE676E24FE116B0031FC9E /* Build configuration list for PBXProject "CATProject" */ = {
			isa = XCConfigurationList;
			buildConfigurations = (
				93FE678A24FE116F0031FC9E /* Debug */,
				93FE678B24FE116F0031FC9E /* Release */,
			);
			defaultConfigurationIsVisible = 0;
			defaultConfigurationName = Release;
		};
		93FE678C24FE116F0031FC9E /* Build configuration list for PBXNativeTarget "CATProject" */ = {
			isa = XCConfigurationList;
			buildConfigurations = (
				93FE678D24FE116F0031FC9E /* Debug */,
				93FE678E24FE116F0031FC9E /* Release */,
			);
			defaultConfigurationIsVisible = 0;
			defaultConfigurationName = Release;
		};
/* End XCConfigurationList section */
	};
	rootObject = 93FE676B24FE116B0031FC9E /* Project object */;
}
