PODS:
  - CATCommonKit (0.2.2):
    - MBProgressHUD (~> 1.2.0)
  - CATPhotoKit (0.1.6):
    - CATCommonKit (~> 0.2.0)
    - MBProgressHUD (~> 1.2.0)
  - CATTextKit (0.1.8):
    - CATCommonKit (~> 0.2.0)
  - Masonry (1.1.0)
  - MBProgressHUD (1.2.0)

DEPENDENCIES:
  - CATPhotoKit (= 0.1.6)
  - CATTextKit (= 0.1.8)
  - Masonry (~> 1.1.0)

SPEC REPOS:
  https://github.com/CocoaPods/Specs.git:
    - Masonry
    - MBProgressHUD
  https://github.com/Huaixing/CATMasterRepos.git:
    - CATCommonKit
    - CATPhotoKit
    - CATTextKit

SPEC CHECKSUMS:
  CATCommonKit: d803ae59d5d6bb74b8aff572a51f2b1bdfec187f
  CATPhotoKit: 349e62e544b3060854fdafa3376c84d917ebfd0d
  CATTextKit: a8add911c03188a98f0272b6d424227f53a27a44
  Masonry: 678fab65091a9290e40e2832a55e7ab731aad201
  MBProgressHUD: 3ee5efcc380f6a79a7cc9b363dd669c5e1ae7406

PODFILE CHECKSUM: 6a18d1d57fe07bcf420d33e871794ee27cd6371b

COCOAPODS: 1.9.3
